
Microsoft Visual Studio Solution File, Format Version 12.00
# Visual Studio 15
VisualStudioVersion = 15.0.28010.2016
MinimumVisualStudioVersion = 10.0.40219.1
Project("{FAE04EC0-301F-11D3-BF4B-00C04F79EFBC}") = "vikram-set-spa", "vikram-set-spa\vikram-set-spa.csproj", "{1FDABAB4-F479-472E-BD27-910826399530}"
EndProject
Global
	GlobalSection(SolutionConfigurationPlatforms) = preSolution
		Debug|Any CPU = Debug|Any CPU
		Release|Any CPU = Release|Any CPU
	EndGlobalSection
	GlobalSection(ProjectConfigurationPlatforms) = postSolution
		{1FDABAB4-F479-472E-BD27-910826399530}.Debug|Any CPU.ActiveCfg = Debug|Any CPU
		{1FDABAB4-F479-472E-BD27-910826399530}.Debug|Any CPU.Build.0 = Debug|Any CPU
		{1FDABAB4-F479-472E-BD27-910826399530}.Release|Any CPU.ActiveCfg = Release|Any CPU
		{1FDABAB4-F479-472E-BD27-910826399530}.Release|Any CPU.Build.0 = Release|Any CPU
	EndGlobalSection
	GlobalSection(SolutionProperties) = preSolution
		HideSolutionNode = FALSE
	EndGlobalSection
	GlobalSection(ExtensibilityGlobals) = postSolution
		SolutionGuid = {BF1EFD58-04E7-47A8-8048-5BAFF5A71756}
	EndGlobalSection
EndGlobal
